
Microsoft Visual Studio Solution File, Format Version 12.00
# Visual Studio 15
VisualStudioVersion = 15.0.27130.2036
MinimumVisualStudioVersion = 10.0.40219.1
Project("{FAE04EC0-301F-11D3-BF4B-00C04F79EFBC}") = "PartyInvites", "PartyInvites\PartyInvites.csproj", "{A7D7AF04-9221-47B0-8ACF-13C2A8470325}"
EndProject
Global
	GlobalSection(SolutionConfigurationPlatforms) = preSolution
		Debug|Any CPU = Debug|Any CPU
		Release|Any CPU = Release|Any CPU
	EndGlobalSection
	GlobalSection(ProjectConfigurationPlatforms) = postSolution
		{A7D7AF04-9221-47B0-8ACF-13C2A8470325}.Debug|Any CPU.ActiveCfg = Debug|Any CPU
		{A7D7AF04-9221-47B0-8ACF-13C2A8470325}.Debug|Any CPU.Build.0 = Debug|Any CPU
		{A7D7AF04-9221-47B0-8ACF-13C2A8470325}.Release|Any CPU.ActiveCfg = Release|Any CPU
		{A7D7AF04-9221-47B0-8ACF-13C2A8470325}.Release|Any CPU.Build.0 = Release|Any CPU
	EndGlobalSection
	GlobalSection(SolutionProperties) = preSolution
		HideSolutionNode = FALSE
	EndGlobalSection
	GlobalSection(ExtensibilityGlobals) = postSolution
		SolutionGuid = {2D4032ED-F3E7-4230-AB44-9E11F5A29970}
	EndGlobalSection
EndGlobal
